
Microsoft Visual Studio Solution File, Format Version 12.00
# Visual Studio Version 17
VisualStudioVersion = 17.5.33414.496
MinimumVisualStudioVersion = 10.0.40219.1
Project("{FAE04EC0-301F-11D3-BF4B-00C04F79EFBC}") = "Lr_8_11_Katskel", "Lr_8_11_Katskel\Lr_8_11_Katskel.csproj", "{3649EDB7-467F-43D3-B96F-061D30B204E3}"
EndProject
Global
	GlobalSection(SolutionConfigurationPlatforms) = preSolution
		Debug|Any CPU = Debug|Any CPU
		Release|Any CPU = Release|Any CPU
	EndGlobalSection
	GlobalSection(ProjectConfigurationPlatforms) = postSolution
		{3649EDB7-467F-43D3-B96F-061D30B204E3}.Debug|Any CPU.ActiveCfg = Debug|Any CPU
		{3649EDB7-467F-43D3-B96F-061D30B204E3}.Debug|Any CPU.Build.0 = Debug|Any CPU
		{3649EDB7-467F-43D3-B96F-061D30B204E3}.Release|Any CPU.ActiveCfg = Release|Any CPU
		{3649EDB7-467F-43D3-B96F-061D30B204E3}.Release|Any CPU.Build.0 = Release|Any CPU
	EndGlobalSection
	GlobalSection(SolutionProperties) = preSolution
		HideSolutionNode = FALSE
	EndGlobalSection
	GlobalSection(ExtensibilityGlobals) = postSolution
		SolutionGuid = {5EC35301-9F39-4CF5-BA02-7B7F6533C054}
	EndGlobalSection
EndGlobal
